
Microsoft Visual Studio Solution File, Format Version 12.00
# Visual Studio Version 16
VisualStudioVersion = 16.0.31005.135
MinimumVisualStudioVersion = 10.0.40219.1
Project("{FAE04EC0-301F-11D3-BF4B-00C04F79EFBC}") = "WindowsFormsApp1", "WindowsFormsApp1\WindowsFormsApp1.csproj", "{B6CA86A1-EB1D-45EB-B7D5-E928C0403275}"
EndProject
Global
	GlobalSection(SolutionConfigurationPlatforms) = preSolution
		Debug|Any CPU = Debug|Any CPU
		Release|Any CPU = Release|Any CPU
	EndGlobalSection
	GlobalSection(ProjectConfigurationPlatforms) = postSolution
		{B6CA86A1-EB1D-45EB-B7D5-E928C0403275}.Debug|Any CPU.ActiveCfg = Debug|Any CPU
		{B6CA86A1-EB1D-45EB-B7D5-E928C0403275}.Debug|Any CPU.Build.0 = Debug|Any CPU
		{B6CA86A1-EB1D-45EB-B7D5-E928C0403275}.Release|Any CPU.ActiveCfg = Release|Any CPU
		{B6CA86A1-EB1D-45EB-B7D5-E928C0403275}.Release|Any CPU.Build.0 = Release|Any CPU
	EndGlobalSection
	GlobalSection(SolutionProperties) = preSolution
		HideSolutionNode = FALSE
	EndGlobalSection
	GlobalSection(ExtensibilityGlobals) = postSolution
		SolutionGuid = {B051A427-D546-4DA5-A1B6-6C8E5BF408FA}
	EndGlobalSection
EndGlobal
