
Microsoft Visual Studio Solution File, Format Version 12.00
# Visual Studio Version 16
VisualStudioVersion = 16.0.31005.135
MinimumVisualStudioVersion = 10.0.40219.1
Project("{FAE04EC0-301F-11D3-BF4B-00C04F79EFBC}") = "Week8", "Week8\Week8.csproj", "{AEA188E9-4538-4DE0-A71E-C0828CECB6DE}"
EndProject
Global
	GlobalSection(SolutionConfigurationPlatforms) = preSolution
		Debug|Any CPU = Debug|Any CPU
		Release|Any CPU = Release|Any CPU
	EndGlobalSection
	GlobalSection(ProjectConfigurationPlatforms) = postSolution
		{AEA188E9-4538-4DE0-A71E-C0828CECB6DE}.Debug|Any CPU.ActiveCfg = Debug|Any CPU
		{AEA188E9-4538-4DE0-A71E-C0828CECB6DE}.Debug|Any CPU.Build.0 = Debug|Any CPU
		{AEA188E9-4538-4DE0-A71E-C0828CECB6DE}.Release|Any CPU.ActiveCfg = Release|Any CPU
		{AEA188E9-4538-4DE0-A71E-C0828CECB6DE}.Release|Any CPU.Build.0 = Release|Any CPU
	EndGlobalSection
	GlobalSection(SolutionProperties) = preSolution
		HideSolutionNode = FALSE
	EndGlobalSection
	GlobalSection(ExtensibilityGlobals) = postSolution
		SolutionGuid = {606BB7FE-ADB4-44AE-B3C4-10F4BF28AC6D}
	EndGlobalSection
EndGlobal
